
Microsoft Visual Studio Solution File, Format Version 12.00
# Visual Studio Version 17
VisualStudioVersion = 17.7.34202.233
MinimumVisualStudioVersion = 10.0.40219.1
Project("{FAE04EC0-301F-11D3-BF4B-00C04F79EFBC}") = "Project_Demo", "Project_Demo\Project_Demo.csproj", "{31A799CB-F3A4-47A7-A084-995EF1DE6BCD}"
EndProject
Global
	GlobalSection(SolutionConfigurationPlatforms) = preSolution
		Debug|Any CPU = Debug|Any CPU
		Release|Any CPU = Release|Any CPU
	EndGlobalSection
	GlobalSection(ProjectConfigurationPlatforms) = postSolution
		{31A799CB-F3A4-47A7-A084-995EF1DE6BCD}.Debug|Any CPU.ActiveCfg = Debug|Any CPU
		{31A799CB-F3A4-47A7-A084-995EF1DE6BCD}.Debug|Any CPU.Build.0 = Debug|Any CPU
		{31A799CB-F3A4-47A7-A084-995EF1DE6BCD}.Release|Any CPU.ActiveCfg = Release|Any CPU
		{31A799CB-F3A4-47A7-A084-995EF1DE6BCD}.Release|Any CPU.Build.0 = Release|Any CPU
	EndGlobalSection
	GlobalSection(SolutionProperties) = preSolution
		HideSolutionNode = FALSE
	EndGlobalSection
	GlobalSection(ExtensibilityGlobals) = postSolution
		SolutionGuid = {3D679688-BBCF-49B1-B796-457D181D0EE5}
	EndGlobalSection
EndGlobal
